
Microsoft Visual Studio Solution File, Format Version 12.00
# Visual Studio Version 16
VisualStudioVersion = 16.0.28803.452
MinimumVisualStudioVersion = 10.0.40219.1
Project("{FAE04EC0-301F-11D3-BF4B-00C04F79EFBC}") = "consoel", "consoel\consoel.csproj", "{3493B112-69B9-44FB-8973-B0A7DE4D5BDA}"
EndProject
Global
	GlobalSection(SolutionConfigurationPlatforms) = preSolution
		Debug|Any CPU = Debug|Any CPU
		Release|Any CPU = Release|Any CPU
	EndGlobalSection
	GlobalSection(ProjectConfigurationPlatforms) = postSolution
		{3493B112-69B9-44FB-8973-B0A7DE4D5BDA}.Debug|Any CPU.ActiveCfg = Debug|Any CPU
		{3493B112-69B9-44FB-8973-B0A7DE4D5BDA}.Debug|Any CPU.Build.0 = Debug|Any CPU
		{3493B112-69B9-44FB-8973-B0A7DE4D5BDA}.Release|Any CPU.ActiveCfg = Release|Any CPU
		{3493B112-69B9-44FB-8973-B0A7DE4D5BDA}.Release|Any CPU.Build.0 = Release|Any CPU
	EndGlobalSection
	GlobalSection(SolutionProperties) = preSolution
		HideSolutionNode = FALSE
	EndGlobalSection
	GlobalSection(ExtensibilityGlobals) = postSolution
		SolutionGuid = {4C3A6560-4A5A-4BE5-A3A7-88508D1DE110}
	EndGlobalSection
EndGlobal
